
Microsoft Visual Studio Solution File, Format Version 12.00
# Visual Studio 15
VisualStudioVersion = 15.0.28307.168
MinimumVisualStudioVersion = 10.0.40219.1
Project("{FAE04EC0-301F-11D3-BF4B-00C04F79EFBC}") = "corewebapp", "corewebapp\corewebapp.csproj", "{01686D6A-EB28-4097-B14E-AB0175EFE188}"
EndProject
Global
	GlobalSection(SolutionConfigurationPlatforms) = preSolution
		Debug|Any CPU = Debug|Any CPU
		Release|Any CPU = Release|Any CPU
	EndGlobalSection
	GlobalSection(ProjectConfigurationPlatforms) = postSolution
		{01686D6A-EB28-4097-B14E-AB0175EFE188}.Debug|Any CPU.ActiveCfg = Debug|Any CPU
		{01686D6A-EB28-4097-B14E-AB0175EFE188}.Debug|Any CPU.Build.0 = Debug|Any CPU
		{01686D6A-EB28-4097-B14E-AB0175EFE188}.Release|Any CPU.ActiveCfg = Release|Any CPU
		{01686D6A-EB28-4097-B14E-AB0175EFE188}.Release|Any CPU.Build.0 = Release|Any CPU
	EndGlobalSection
	GlobalSection(SolutionProperties) = preSolution
		HideSolutionNode = FALSE
	EndGlobalSection
	GlobalSection(ExtensibilityGlobals) = postSolution
		SolutionGuid = {AB091E75-F4E1-4122-9D8D-B00E9FA4CDD6}
	EndGlobalSection
EndGlobal
